// !$*UTF8*$!
{
	archiveVersion = 1;
	classes = {
	};
	objectVersion = 46;
	objects = {

/* Begin PBXBuildFile section */
		6220F0D31ED6FABB00F0F75E /* Response.swift in Sources */ = {isa = PBXBuildFile; fileRef = 6220F0D21ED6FABB00F0F75E /* Response.swift */; };
		6220F0D51ED6FC0A00F0F75E /* Trivia.swift in Sources */ = {isa = PBXBuildFile; fileRef = 6220F0D41ED6FC0A00F0F75E /* Trivia.swift */; };
		6220F0D71ED6FD2000F0F75E /* TriviaListResponse.swift in Sources */ = {isa = PBXBuildFile; fileRef = 6220F0D61ED6FD2000F0F75E /* TriviaListResponse.swift */; };
		6220F0DD1ED7035200F0F75E /* ResponseCode.swift in Sources */ = {isa = PBXBuildFile; fileRef = 6220F0DC1ED7035200F0F75E /* ResponseCode.swift */; };
		6220F0DF1ED7038600F0F75E /* TriviaMappable.swift in Sources */ = {isa = PBXBuildFile; fileRef = 6220F0DE1ED7038600F0F75E /* TriviaMappable.swift */; };
		6220F0E11ED703BF00F0F75E /* TriviaDataRequest.swift in Sources */ = {isa = PBXBuildFile; fileRef = 6220F0E01ED703BF00F0F75E /* TriviaDataRequest.swift */; };
		6220F0E31ED703E900F0F75E /* TriviaError.swift in Sources */ = {isa = PBXBuildFile; fileRef = 6220F0E21ED703E900F0F75E /* TriviaError.swift */; };
		6220F0E51ED7041100F0F75E /* Routing.swift in Sources */ = {isa = PBXBuildFile; fileRef = 6220F0E41ED7041100F0F75E /* Routing.swift */; };
		6220F0E71ED7095500F0F75E /* TriviaCompletion.swift in Sources */ = {isa = PBXBuildFile; fileRef = 6220F0E61ED7095500F0F75E /* TriviaCompletion.swift */; };
		6220F0E91ED70C0600F0F75E /* TriviaTokenResponse.swift in Sources */ = {isa = PBXBuildFile; fileRef = 6220F0E81ED70C0600F0F75E /* TriviaTokenResponse.swift */; };
		6220F0EF1ED70F1300F0F75E /* TriviaToken.swift in Sources */ = {isa = PBXBuildFile; fileRef = 6220F0EE1ED70F1300F0F75E /* TriviaToken.swift */; };
		6220F0F11ED72A2C00F0F75E /* TriviaPresenter.swift in Sources */ = {isa = PBXBuildFile; fileRef = 6220F0F01ED72A2C00F0F75E /* TriviaPresenter.swift */; };
		6220F0F31ED75D8B00F0F75E /* TriviaAdapted.swift in Sources */ = {isa = PBXBuildFile; fileRef = 6220F0F21ED75D8B00F0F75E /* TriviaAdapted.swift */; };
		6220F0F51ED7691800F0F75E /* TriviaViewNotification.swift in Sources */ = {isa = PBXBuildFile; fileRef = 6220F0F41ED7691800F0F75E /* TriviaViewNotification.swift */; };
		623E74F11ED634E900292D18 /* AppDelegate.swift in Sources */ = {isa = PBXBuildFile; fileRef = 623E74F01ED634E900292D18 /* AppDelegate.swift */; };
		623E74F31ED634E900292D18 /* TriviaViewController.swift in Sources */ = {isa = PBXBuildFile; fileRef = 623E74F21ED634E900292D18 /* TriviaViewController.swift */; };
		623E74F61ED634E900292D18 /* Main.storyboard in Resources */ = {isa = PBXBuildFile; fileRef = 623E74F41ED634E900292D18 /* Main.storyboard */; };
		623E74F81ED634E900292D18 /* Assets.xcassets in Resources */ = {isa = PBXBuildFile; fileRef = 623E74F71ED634E900292D18 /* Assets.xcassets */; };
		623E74FB1ED634E900292D18 /* LaunchScreen.storyboard in Resources */ = {isa = PBXBuildFile; fileRef = 623E74F91ED634E900292D18 /* LaunchScreen.storyboard */; };
		62BB97F11ED6F1DA00011C69 /* TriviaAPIService.swift in Sources */ = {isa = PBXBuildFile; fileRef = 62BB97F01ED6F1DA00011C69 /* TriviaAPIService.swift */; };
		62BB97F31ED6F1EE00011C69 /* TriviaAPIRouter.swift in Sources */ = {isa = PBXBuildFile; fileRef = 62BB97F21ED6F1EE00011C69 /* TriviaAPIRouter.swift */; };
		62BB97F51ED6F28D00011C69 /* TriviaRepositoryService.swift in Sources */ = {isa = PBXBuildFile; fileRef = 62BB97F41ED6F28D00011C69 /* TriviaRepositoryService.swift */; };
		BBAD417404F6BE8740CD778F /* Pods_TrivialAsia.framework in Frameworks */ = {isa = PBXBuildFile; fileRef = AC8431176442B9C1AEA8D619 /* Pods_TrivialAsia.framework */; };
/* End PBXBuildFile section */

/* Begin PBXFileReference section */
		6220F0D21ED6FABB00F0F75E /* Response.swift */ = {isa = PBXFileReference; fileEncoding = 4; lastKnownFileType = sourcecode.swift; path = Response.swift; sourceTree = "<group>"; };
		6220F0D41ED6FC0A00F0F75E /* Trivia.swift */ = {isa = PBXFileReference; fileEncoding = 4; lastKnownFileType = sourcecode.swift; path = Trivia.swift; sourceTree = "<group>"; };
		6220F0D61ED6FD2000F0F75E /* TriviaListResponse.swift */ = {isa = PBXFileReference; fileEncoding = 4; lastKnownFileType = sourcecode.swift; path = TriviaListResponse.swift; sourceTree = "<group>"; };
		6220F0DC1ED7035200F0F75E /* ResponseCode.swift */ = {isa = PBXFileReference; fileEncoding = 4; lastKnownFileType = sourcecode.swift; path = ResponseCode.swift; sourceTree = "<group>"; };
		6220F0DE1ED7038600F0F75E /* TriviaMappable.swift */ = {isa = PBXFileReference; fileEncoding = 4; lastKnownFileType = sourcecode.swift; path = TriviaMappable.swift; sourceTree = "<group>"; };
		6220F0E01ED703BF00F0F75E /* TriviaDataRequest.swift */ = {isa = PBXFileReference; fileEncoding = 4; lastKnownFileType = sourcecode.swift; path = TriviaDataRequest.swift; sourceTree = "<group>"; };
		6220F0E21ED703E900F0F75E /* TriviaError.swift */ = {isa = PBXFileReference; fileEncoding = 4; lastKnownFileType = sourcecode.swift; path = TriviaError.swift; sourceTree = "<group>"; };
		6220F0E41ED7041100F0F75E /* Routing.swift */ = {isa = PBXFileReference; fileEncoding = 4; lastKnownFileType = sourcecode.swift; path = Routing.swift; sourceTree = "<group>"; };
		6220F0E61ED7095500F0F75E /* TriviaCompletion.swift */ = {isa = PBXFileReference; fileEncoding = 4; lastKnownFileType = sourcecode.swift; path = TriviaCompletion.swift; sourceTree = "<group>"; };
		6220F0E81ED70C0600F0F75E /* TriviaTokenResponse.swift */ = {isa = PBXFileReference; fileEncoding = 4; lastKnownFileType = sourcecode.swift; path = TriviaTokenResponse.swift; sourceTree = "<group>"; };
		6220F0EE1ED70F1300F0F75E /* TriviaToken.swift */ = {isa = PBXFileReference; fileEncoding = 4; lastKnownFileType = sourcecode.swift; path = TriviaToken.swift; sourceTree = "<group>"; };
		6220F0F01ED72A2C00F0F75E /* TriviaPresenter.swift */ = {isa = PBXFileReference; fileEncoding = 4; lastKnownFileType = sourcecode.swift; path = TriviaPresenter.swift; sourceTree = "<group>"; };
		6220F0F21ED75D8B00F0F75E /* TriviaAdapted.swift */ = {isa = PBXFileReference; fileEncoding = 4; lastKnownFileType = sourcecode.swift; path = TriviaAdapted.swift; sourceTree = "<group>"; };
		6220F0F41ED7691800F0F75E /* TriviaViewNotification.swift */ = {isa = PBXFileReference; fileEncoding = 4; lastKnownFileType = sourcecode.swift; path = TriviaViewNotification.swift; sourceTree = "<group>"; };
		623E74ED1ED634E900292D18 /* TrivialAsia.app */ = {isa = PBXFileReference; explicitFileType = wrapper.application; includeInIndex = 0; path = TrivialAsia.app; sourceTree = BUILT_PRODUCTS_DIR; };
		623E74F01ED634E900292D18 /* AppDelegate.swift */ = {isa = PBXFileReference; lastKnownFileType = sourcecode.swift; path = AppDelegate.swift; sourceTree = "<group>"; };
		623E74F21ED634E900292D18 /* TriviaViewController.swift */ = {isa = PBXFileReference; lastKnownFileType = sourcecode.swift; path = TriviaViewController.swift; sourceTree = "<group>"; };
		623E74F51ED634E900292D18 /* Base */ = {isa = PBXFileReference; lastKnownFileType = file.storyboard; name = Base; path = Base.lproj/Main.storyboard; sourceTree = "<group>"; };
		623E74F71ED634E900292D18 /* Assets.xcassets */ = {isa = PBXFileReference; lastKnownFileType = folder.assetcatalog; path = Assets.xcassets; sourceTree = "<group>"; };
		623E74FA1ED634E900292D18 /* Base */ = {isa = PBXFileReference; lastKnownFileType = file.storyboard; name = Base; path = Base.lproj/LaunchScreen.storyboard; sourceTree = "<group>"; };
		623E74FC1ED634E900292D18 /* Info.plist */ = {isa = PBXFileReference; lastKnownFileType = text.plist.xml; path = Info.plist; sourceTree = "<group>"; };
		62BB97F01ED6F1DA00011C69 /* TriviaAPIService.swift */ = {isa = PBXFileReference; fileEncoding = 4; lastKnownFileType = sourcecode.swift; path = TriviaAPIService.swift; sourceTree = "<group>"; };
		62BB97F21ED6F1EE00011C69 /* TriviaAPIRouter.swift */ = {isa = PBXFileReference; fileEncoding = 4; lastKnownFileType = sourcecode.swift; path = TriviaAPIRouter.swift; sourceTree = "<group>"; };
		62BB97F41ED6F28D00011C69 /* TriviaRepositoryService.swift */ = {isa = PBXFileReference; fileEncoding = 4; lastKnownFileType = sourcecode.swift; path = TriviaRepositoryService.swift; sourceTree = "<group>"; };
		70659DCC2A182AEBB2250093 /* Pods-TrivialAsia.release.xcconfig */ = {isa = PBXFileReference; includeInIndex = 1; lastKnownFileType = text.xcconfig; name = "Pods-TrivialAsia.release.xcconfig"; path = "Pods/Target Support Files/Pods-TrivialAsia/Pods-TrivialAsia.release.xcconfig"; sourceTree = "<group>"; };
		AC8431176442B9C1AEA8D619 /* Pods_TrivialAsia.framework */ = {isa = PBXFileReference; explicitFileType = wrapper.framework; includeInIndex = 0; path = Pods_TrivialAsia.framework; sourceTree = BUILT_PRODUCTS_DIR; };
		DE3B8F83F8A549A34C488BE0 /* Pods-TrivialAsia.debug.xcconfig */ = {isa = PBXFileReference; includeInIndex = 1; lastKnownFileType = text.xcconfig; name = "Pods-TrivialAsia.debug.xcconfig"; path = "Pods/Target Support Files/Pods-TrivialAsia/Pods-TrivialAsia.debug.xcconfig"; sourceTree = "<group>"; };
/* End PBXFileReference section */

/* Begin PBXFrameworksBuildPhase section */
		623E74EA1ED634E900292D18 /* Frameworks */ = {
			isa = PBXFrameworksBuildPhase;
			buildActionMask = 2147483647;
			files = (
				BBAD417404F6BE8740CD778F /* Pods_TrivialAsia.framework in Frameworks */,
			);
			runOnlyForDeploymentPostprocessing = 0;
		};
/* End PBXFrameworksBuildPhase section */

/* Begin PBXGroup section */
		19859D98B9B690F1B13F82FF /* Frameworks */ = {
			isa = PBXGroup;
			children = (
				AC8431176442B9C1AEA8D619 /* Pods_TrivialAsia.framework */,
			);
			name = Frameworks;
			sourceTree = "<group>";
		};
		6220F0D11ED6FA7900F0F75E /* Response */ = {
			isa = PBXGroup;
			children = (
				6220F0DE1ED7038600F0F75E /* TriviaMappable.swift */,
				6220F0D21ED6FABB00F0F75E /* Response.swift */,
				6220F0DC1ED7035200F0F75E /* ResponseCode.swift */,
				6220F0D61ED6FD2000F0F75E /* TriviaListResponse.swift */,
				6220F0E81ED70C0600F0F75E /* TriviaTokenResponse.swift */,
			);
			name = Response;
			sourceTree = "<group>";
		};
		6220F0D81ED7029600F0F75E /* Model */ = {
			isa = PBXGroup;
			children = (
				6220F0D91ED702A500F0F75E /* Object */,
				6220F0D11ED6FA7900F0F75E /* Response */,
				6220F0DA1ED702CD00F0F75E /* Network */,
				6220F0DB1ED7030800F0F75E /* Repository */,
			);
			name = Model;
			sourceTree = "<group>";
		};
		6220F0D91ED702A500F0F75E /* Object */ = {
			isa = PBXGroup;
			children = (
				6220F0D41ED6FC0A00F0F75E /* Trivia.swift */,
				6220F0EE1ED70F1300F0F75E /* TriviaToken.swift */,
				6220F0F21ED75D8B00F0F75E /* TriviaAdapted.swift */,
			);
			name = Object;
			sourceTree = "<group>";
		};
		6220F0DA1ED702CD00F0F75E /* Network */ = {
			isa = PBXGroup;
			children = (
				6220F0E21ED703E900F0F75E /* TriviaError.swift */,
				6220F0E61ED7095500F0F75E /* TriviaCompletion.swift */,
				6220F0E01ED703BF00F0F75E /* TriviaDataRequest.swift */,
				6220F0E41ED7041100F0F75E /* Routing.swift */,
				62BB97F21ED6F1EE00011C69 /* TriviaAPIRouter.swift */,
				62BB97F01ED6F1DA00011C69 /* TriviaAPIService.swift */,
			);
			name = Network;
			sourceTree = "<group>";
		};
		6220F0DB1ED7030800F0F75E /* Repository */ = {
			isa = PBXGroup;
			children = (
				62BB97F41ED6F28D00011C69 /* TriviaRepositoryService.swift */,
			);
			name = Repository;
			sourceTree = "<group>";
		};
		6220F0EA1ED70DDD00F0F75E /* View */ = {
			isa = PBXGroup;
			children = (
				623E74F21ED634E900292D18 /* TriviaViewController.swift */,
				623E74F41ED634E900292D18 /* Main.storyboard */,
				6220F0F41ED7691800F0F75E /* TriviaViewNotification.swift */,
			);
			name = View;
			sourceTree = "<group>";
		};
		6220F0EB1ED70E3C00F0F75E /* Presenter */ = {
			isa = PBXGroup;
			children = (
				6220F0F01ED72A2C00F0F75E /* TriviaPresenter.swift */,
			);
			name = Presenter;
			sourceTree = "<group>";
		};
		623E74E41ED634E900292D18 = {
			isa = PBXGroup;
			children = (
				623E74EF1ED634E900292D18 /* TrivialAsia */,
				623E74EE1ED634E900292D18 /* Products */,
				E2F213CC0B9F5D100BF7E978 /* Pods */,
				19859D98B9B690F1B13F82FF /* Frameworks */,
			);
			sourceTree = "<group>";
		};
		623E74EE1ED634E900292D18 /* Products */ = {
			isa = PBXGroup;
			children = (
				623E74ED1ED634E900292D18 /* TrivialAsia.app */,
			);
			name = Products;
			sourceTree = "<group>";
		};
		623E74EF1ED634E900292D18 /* TrivialAsia */ = {
			isa = PBXGroup;
			children = (
				623E74F01ED634E900292D18 /* AppDelegate.swift */,
				6220F0D81ED7029600F0F75E /* Model */,
				6220F0EA1ED70DDD00F0F75E /* View */,
				6220F0EB1ED70E3C00F0F75E /* Presenter */,
				623E74F71ED634E900292D18 /* Assets.xcassets */,
				623E74F91ED634E900292D18 /* LaunchScreen.storyboard */,
				623E74FC1ED634E900292D18 /* Info.plist */,
			);
			path = TrivialAsia;
			sourceTree = "<group>";
		};
		E2F213CC0B9F5D100BF7E978 /* Pods */ = {
			isa = PBXGroup;
			children = (
				DE3B8F83F8A549A34C488BE0 /* Pods-TrivialAsia.debug.xcconfig */,
				70659DCC2A182AEBB2250093 /* Pods-TrivialAsia.release.xcconfig */,
			);
			name = Pods;
			sourceTree = "<group>";
		};
/* End PBXGroup section */

/* Begin PBXNativeTarget section */
		623E74EC1ED634E900292D18 /* TrivialAsia */ = {
			isa = PBXNativeTarget;
			buildConfigurationList = 623E74FF1ED634E900292D18 /* Build configuration list for PBXNativeTarget "TrivialAsia" */;
			buildPhases = (
				BA5110968699289A4A06D6F8 /* [CP] Check Pods Manifest.lock */,
				623E74E91ED634E900292D18 /* Sources */,
				623E74EA1ED634E900292D18 /* Frameworks */,
				623E74EB1ED634E900292D18 /* Resources */,
				CA369E5464E9F8ABC3AE3690 /* [CP] Embed Pods Frameworks */,
				72879A30EA9AD8831BA7F89B /* [CP] Copy Pods Resources */,
			);
			buildRules = (
			);
			dependencies = (
			);
			name = TrivialAsia;
			productName = TrivialAsia;
			productReference = 623E74ED1ED634E900292D18 /* TrivialAsia.app */;
			productType = "com.apple.product-type.application";
		};
/* End PBXNativeTarget section */

/* Begin PBXProject section */
		623E74E51ED634E900292D18 /* Project object */ = {
			isa = PBXProject;
			attributes = {
				LastSwiftUpdateCheck = 0830;
				LastUpgradeCheck = 0830;
				ORGANIZATIONNAME = "Anastasia Kolupakhina";
				TargetAttributes = {
					623E74EC1ED634E900292D18 = {
						CreatedOnToolsVersion = 8.3.2;
						DevelopmentTeam = K56NDXLX63;
						ProvisioningStyle = Automatic;
					};
				};
			};
			buildConfigurationList = 623E74E81ED634E900292D18 /* Build configuration list for PBXProject "TrivialAsia" */;
			compatibilityVersion = "Xcode 3.2";
			developmentRegion = English;
			hasScannedForEncodings = 0;
			knownRegions = (
				en,
				Base,
			);
			mainGroup = 623E74E41ED634E900292D18;
			productRefGroup = 623E74EE1ED634E900292D18 /* Products */;
			projectDirPath = "";
			projectRoot = "";
			targets = (
				623E74EC1ED634E900292D18 /* TrivialAsia */,
			);
		};
/* End PBXProject section */

/* Begin PBXResourcesBuildPhase section */
		623E74EB1ED634E900292D18 /* Resources */ = {
			isa = PBXResourcesBuildPhase;
			buildActionMask = 2147483647;
			files = (
				623E74FB1ED634E900292D18 /* LaunchScreen.storyboard in Resources */,
				623E74F81ED634E900292D18 /* Assets.xcassets in Resources */,
				623E74F61ED634E900292D18 /* Main.storyboard in Resources */,
			);
			runOnlyForDeploymentPostprocessing = 0;
		};
/* End PBXResourcesBuildPhase section */

/* Begin PBXShellScriptBuildPhase section */
		72879A30EA9AD8831BA7F89B /* [CP] Copy Pods Resources */ = {
			isa = PBXShellScriptBuildPhase;
			buildActionMask = 2147483647;
			files = (
			);
			inputPaths = (
			);
			name = "[CP] Copy Pods Resources";
			outputPaths = (
			);
			runOnlyForDeploymentPostprocessing = 0;
			shellPath = /bin/sh;
			shellScript = "\"${SRCROOT}/Pods/Target Support Files/Pods-TrivialAsia/Pods-TrivialAsia-resources.sh\"\n";
			showEnvVarsInLog = 0;
		};
		BA5110968699289A4A06D6F8 /* [CP] Check Pods Manifest.lock */ = {
			isa = PBXShellScriptBuildPhase;
			buildActionMask = 2147483647;
			files = (
			);
			inputPaths = (
			);
			name = "[CP] Check Pods Manifest.lock";
			outputPaths = (
			);
			runOnlyForDeploymentPostprocessing = 0;
			shellPath = /bin/sh;
			shellScript = "diff \"${PODS_ROOT}/../Podfile.lock\" \"${PODS_ROOT}/Manifest.lock\" > /dev/null\nif [ $? != 0 ] ; then\n    # print error to STDERR\n    echo \"error: The sandbox is not in sync with the Podfile.lock. Run 'pod install' or update your CocoaPods installation.\" >&2\n    exit 1\nfi\n";
			showEnvVarsInLog = 0;
		};
		CA369E5464E9F8ABC3AE3690 /* [CP] Embed Pods Frameworks */ = {
			isa = PBXShellScriptBuildPhase;
			buildActionMask = 2147483647;
			files = (
			);
			inputPaths = (
			);
			name = "[CP] Embed Pods Frameworks";
			outputPaths = (
			);
			runOnlyForDeploymentPostprocessing = 0;
			shellPath = /bin/sh;
			shellScript = "\"${SRCROOT}/Pods/Target Support Files/Pods-TrivialAsia/Pods-TrivialAsia-frameworks.sh\"\n";
			showEnvVarsInLog = 0;
		};
/* End PBXShellScriptBuildPhase section */

/* Begin PBXSourcesBuildPhase section */
		623E74E91ED634E900292D18 /* Sources */ = {
			isa = PBXSourcesBuildPhase;
			buildActionMask = 2147483647;
			files = (
				6220F0DF1ED7038600F0F75E /* TriviaMappable.swift in Sources */,
				62BB97F51ED6F28D00011C69 /* TriviaRepositoryService.swift in Sources */,
				6220F0E51ED7041100F0F75E /* Routing.swift in Sources */,
				62BB97F11ED6F1DA00011C69 /* TriviaAPIService.swift in Sources */,
				6220F0F31ED75D8B00F0F75E /* TriviaAdapted.swift in Sources */,
				6220F0EF1ED70F1300F0F75E /* TriviaToken.swift in Sources */,
				6220F0E71ED7095500F0F75E /* TriviaCompletion.swift in Sources */,
				623E74F31ED634E900292D18 /* TriviaViewController.swift in Sources */,
				6220F0E11ED703BF00F0F75E /* TriviaDataRequest.swift in Sources */,
				6220F0E91ED70C0600F0F75E /* TriviaTokenResponse.swift in Sources */,
				62BB97F31ED6F1EE00011C69 /* TriviaAPIRouter.swift in Sources */,
				6220F0D51ED6FC0A00F0F75E /* Trivia.swift in Sources */,
				6220F0DD1ED7035200F0F75E /* ResponseCode.swift in Sources */,
				6220F0D71ED6FD2000F0F75E /* TriviaListResponse.swift in Sources */,
				6220F0F11ED72A2C00F0F75E /* TriviaPresenter.swift in Sources */,
				6220F0F51ED7691800F0F75E /* TriviaViewNotification.swift in Sources */,
				6220F0E31ED703E900F0F75E /* TriviaError.swift in Sources */,
				6220F0D31ED6FABB00F0F75E /* Response.swift in Sources */,
				623E74F11ED634E900292D18 /* AppDelegate.swift in Sources */,
			);
			runOnlyForDeploymentPostprocessing = 0;
		};
/* End PBXSourcesBuildPhase section */

/* Begin PBXVariantGroup section */
		623E74F41ED634E900292D18 /* Main.storyboard */ = {
			isa = PBXVariantGroup;
			children = (
				623E74F51ED634E900292D18 /* Base */,
			);
			name = Main.storyboard;
			sourceTree = "<group>";
		};
		623E74F91ED634E900292D18 /* LaunchScreen.storyboard */ = {
			isa = PBXVariantGroup;
			children = (
				623E74FA1ED634E900292D18 /* Base */,
			);
			name = LaunchScreen.storyboard;
			sourceTree = "<group>";
		};
/* End PBXVariantGroup section */

/* Begin XCBuildConfiguration section */
		623E74FD1ED634E900292D18 /* Debug */ = {
			isa = XCBuildConfiguration;
			buildSettings = {
				ALWAYS_SEARCH_USER_PATHS = NO;
				CLANG_ANALYZER_NONNULL = YES;
				CLANG_ANALYZER_NUMBER_OBJECT_CONVERSION = YES_AGGRESSIVE;
				CLANG_CXX_LANGUAGE_STANDARD = "gnu++0x";
				CLANG_CXX_LIBRARY = "libc++";
				CLANG_ENABLE_MODULES = YES;
				CLANG_ENABLE_OBJC_ARC = YES;
				CLANG_WARN_BOOL_CONVERSION = YES;
				CLANG_WARN_CONSTANT_CONVERSION = YES;
				CLANG_WARN_DIRECT_OBJC_ISA_USAGE = YES_ERROR;
				CLANG_WARN_DOCUMENTATION_COMMENTS = YES;
				CLANG_WARN_EMPTY_BODY = YES;
				CLANG_WARN_ENUM_CONVERSION = YES;
				CLANG_WARN_INFINITE_RECURSION = YES;
				CLANG_WARN_INT_CONVERSION = YES;
				CLANG_WARN_OBJC_ROOT_CLASS = YES_ERROR;
				CLANG_WARN_SUSPICIOUS_MOVE = YES;
				CLANG_WARN_UNREACHABLE_CODE = YES;
				CLANG_WARN__DUPLICATE_METHOD_MATCH = YES;
				"CODE_SIGN_IDENTITY[sdk=iphoneos*]" = "iPhone Developer";
				COPY_PHASE_STRIP = NO;
				DEBUG_INFORMATION_FORMAT = dwarf;
				ENABLE_STRICT_OBJC_MSGSEND = YES;
				ENABLE_TESTABILITY = YES;
				GCC_C_LANGUAGE_STANDARD = gnu99;
				GCC_DYNAMIC_NO_PIC = NO;
				GCC_NO_COMMON_BLOCKS = YES;
				GCC_OPTIMIZATION_LEVEL = 0;
				GCC_PREPROCESSOR_DEFINITIONS = (
					"DEBUG=1",
					"$(inherited)",
				);
				GCC_WARN_64_TO_32_BIT_CONVERSION = YES;
				GCC_WARN_ABOUT_RETURN_TYPE = YES_ERROR;
				GCC_WARN_UNDECLARED_SELECTOR = YES;
				GCC_WARN_UNINITIALIZED_AUTOS = YES_AGGRESSIVE;
				GCC_WARN_UNUSED_FUNCTION = YES;
				GCC_WARN_UNUSED_VARIABLE = YES;
				IPHONEOS_DEPLOYMENT_TARGET = 10.3;
				MTL_ENABLE_DEBUG_INFO = YES;
				ONLY_ACTIVE_ARCH = YES;
				SDKROOT = iphoneos;
				SWIFT_ACTIVE_COMPILATION_CONDITIONS = DEBUG;
				SWIFT_OPTIMIZATION_LEVEL = "-Onone";
			};
			name = Debug;
		};
		623E74FE1ED634E900292D18 /* Release */ = {
			isa = XCBuildConfiguration;
			buildSettings = {
				ALWAYS_SEARCH_USER_PATHS = NO;
				CLANG_ANALYZER_NONNULL = YES;
				CLANG_ANALYZER_NUMBER_OBJECT_CONVERSION = YES_AGGRESSIVE;
				CLANG_CXX_LANGUAGE_STANDARD = "gnu++0x";
				CLANG_CXX_LIBRARY = "libc++";
				CLANG_ENABLE_MODULES = YES;
				CLANG_ENABLE_OBJC_ARC = YES;
				CLANG_WARN_BOOL_CONVERSION = YES;
				CLANG_WARN_CONSTANT_CONVERSION = YES;
				CLANG_WARN_DIRECT_OBJC_ISA_USAGE = YES_ERROR;
				CLANG_WARN_DOCUMENTATION_COMMENTS = YES;
				CLANG_WARN_EMPTY_BODY = YES;
				CLANG_WARN_ENUM_CONVERSION = YES;
				CLANG_WARN_INFINITE_RECURSION = YES;
				CLANG_WARN_INT_CONVERSION = YES;
				CLANG_WARN_OBJC_ROOT_CLASS = YES_ERROR;
				CLANG_WARN_SUSPICIOUS_MOVE = YES;
				CLANG_WARN_UNREACHABLE_CODE = YES;
				CLANG_WARN__DUPLICATE_METHOD_MATCH = YES;
				"CODE_SIGN_IDENTITY[sdk=iphoneos*]" = "iPhone Developer";
				COPY_PHASE_STRIP = NO;
				DEBUG_INFORMATION_FORMAT = "dwarf-with-dsym";
				ENABLE_NS_ASSERTIONS = NO;
				ENABLE_STRICT_OBJC_MSGSEND = YES;
				GCC_C_LANGUAGE_STANDARD = gnu99;
				GCC_NO_COMMON_BLOCKS = YES;
				GCC_WARN_64_TO_32_BIT_CONVERSION = YES;
				GCC_WARN_ABOUT_RETURN_TYPE = YES_ERROR;
				GCC_WARN_UNDECLARED_SELECTOR = YES;
				GCC_WARN_UNINITIALIZED_AUTOS = YES_AGGRESSIVE;
				GCC_WARN_UNUSED_FUNCTION = YES;
				GCC_WARN_UNUSED_VARIABLE = YES;
				IPHONEOS_DEPLOYMENT_TARGET = 10.3;
				MTL_ENABLE_DEBUG_INFO = NO;
				SDKROOT = iphoneos;
				SWIFT_OPTIMIZATION_LEVEL = "-Owholemodule";
				VALIDATE_PRODUCT = YES;
			};
			name = Release;
		};
		623E75001ED634E900292D18 /* Debug */ = {
			isa = XCBuildConfiguration;
			baseConfigurationReference = DE3B8F83F8A549A34C488BE0 /* Pods-TrivialAsia.debug.xcconfig */;
			buildSettings = {
				ASSETCATALOG_COMPILER_APPICON_NAME = AppIcon;
				DEVELOPMENT_TEAM = K56NDXLX63;
				INFOPLIST_FILE = TrivialAsia/Info.plist;
				LD_RUNPATH_SEARCH_PATHS = "$(inherited) @executable_path/Frameworks";
				PRODUCT_BUNDLE_IDENTIFIER = AnastasiaKolupakhina.TrivialAsia;
				PRODUCT_NAME = "$(TARGET_NAME)";
				SWIFT_VERSION = 3.0;
			};
			name = Debug;
		};
		623E75011ED634E900292D18 /* Release */ = {
			isa = XCBuildConfiguration;
			baseConfigurationReference = 70659DCC2A182AEBB2250093 /* Pods-TrivialAsia.release.xcconfig */;
			buildSettings = {
				ASSETCATALOG_COMPILER_APPICON_NAME = AppIcon;
				DEVELOPMENT_TEAM = K56NDXLX63;
				INFOPLIST_FILE = TrivialAsia/Info.plist;
				LD_RUNPATH_SEARCH_PATHS = "$(inherited) @executable_path/Frameworks";
				PRODUCT_BUNDLE_IDENTIFIER = AnastasiaKolupakhina.TrivialAsia;
				PRODUCT_NAME = "$(TARGET_NAME)";
				SWIFT_VERSION = 3.0;
			};
			name = Release;
		};
/* End XCBuildConfiguration section */

/* Begin XCConfigurationList section */
		623E74E81ED634E900292D18 /* Build configuration list for PBXProject "TrivialAsia" */ = {
			isa = XCConfigurationList;
			buildConfigurations = (
				623E74FD1ED634E900292D18 /* Debug */,
				623E74FE1ED634E900292D18 /* Release */,
			);
			defaultConfigurationIsVisible = 0;
			defaultConfigurationName = Release;
		};
		623E74FF1ED634E900292D18 /* Build configuration list for PBXNativeTarget "TrivialAsia" */ = {
			isa = XCConfigurationList;
			buildConfigurations = (
				623E75001ED634E900292D18 /* Debug */,
				623E75011ED634E900292D18 /* Release */,
			);
			defaultConfigurationIsVisible = 0;
			defaultConfigurationName = Release;
		};
/* End XCConfigurationList section */
	};
	rootObject = 623E74E51ED634E900292D18 /* Project object */;
}
